// !$*UTF8*$!
{
	archiveVersion = 1;
	classes = {
	};
	objectVersion = 56;
	objects = {

/* Begin PBXBuildFile section */
		8AB649C42BCE606C006B1F43 /* UserStatView.swift in Sources */ = {isa = PBXBuildFile; fileRef = 8AB649C32BCE606C006B1F43 /* UserStatView.swift */; };
		8AB649C62BCE687F006B1F43 /* FeedView.swift in Sources */ = {isa = PBXBuildFile; fileRef = 8AB649C52BCE687F006B1F43 /* FeedView.swift */; };
		8AB649C82BCE6888006B1F43 /* FeedCell.swift in Sources */ = {isa = PBXBuildFile; fileRef = 8AB649C72BCE6888006B1F43 /* FeedCell.swift */; };
		8AB64A222BCF849D006B1F43 /* SearchView.swift in Sources */ = {isa = PBXBuildFile; fileRef = 8AB64A212BCF849D006B1F43 /* SearchView.swift */; };
		8AB64A242BCFACB1006B1F43 /* LoginView.swift in Sources */ = {isa = PBXBuildFile; fileRef = 8AB64A232BCFACB1006B1F43 /* LoginView.swift */; };
		8AB64A262BCFBA3D006B1F43 /* AddEmailView.swift in Sources */ = {isa = PBXBuildFile; fileRef = 8AB64A252BCFBA3D006B1F43 /* AddEmailView.swift */; };
		8AB64A282BCFD29F006B1F43 /* IGTextModifier.swift in Sources */ = {isa = PBXBuildFile; fileRef = 8AB64A272BCFD29F006B1F43 /* IGTextModifier.swift */; };
		8AB64A2A2BCFD844006B1F43 /* CreateUserNameView.swift in Sources */ = {isa = PBXBuildFile; fileRef = 8AB64A292BCFD844006B1F43 /* CreateUserNameView.swift */; };
		8AB64A2C2BCFDA66006B1F43 /* CreatePasswordView.swift in Sources */ = {isa = PBXBuildFile; fileRef = 8AB64A2B2BCFDA66006B1F43 /* CreatePasswordView.swift */; };
		8AB64A2E2BCFDBEE006B1F43 /* IGMainButtonModifier.swift in Sources */ = {isa = PBXBuildFile; fileRef = 8AB64A2D2BCFDBEE006B1F43 /* IGMainButtonModifier.swift */; };
		8AB64A302BCFDCCC006B1F43 /* CompleteSignInView.swift in Sources */ = {isa = PBXBuildFile; fileRef = 8AB64A2F2BCFDCCC006B1F43 /* CompleteSignInView.swift */; };
		8AB64A322BCFDF0F006B1F43 /* TitleLoginFlow.swift in Sources */ = {isa = PBXBuildFile; fileRef = 8AB64A312BCFDF0F006B1F43 /* TitleLoginFlow.swift */; };
		8AE0EDE22BCFF7BF00CEF6BB /* User.swift in Sources */ = {isa = PBXBuildFile; fileRef = 8AE0EDE12BCFF7BF00CEF6BB /* User.swift */; };
		8AE0EDE42BD0131000CEF6BB /* CurrentUserProfileView.swift in Sources */ = {isa = PBXBuildFile; fileRef = 8AE0EDE32BD0131000CEF6BB /* CurrentUserProfileView.swift */; };
		8AE0EDE62BD016FF00CEF6BB /* Post.swift in Sources */ = {isa = PBXBuildFile; fileRef = 8AE0EDE52BD016FF00CEF6BB /* Post.swift */; };
		8AE0EDE82BD0224300CEF6BB /* PostGridView.swift in Sources */ = {isa = PBXBuildFile; fileRef = 8AE0EDE72BD0224300CEF6BB /* PostGridView.swift */; };
		8AE0EDEA2BD023C700CEF6BB /* ProfileHeader.swift in Sources */ = {isa = PBXBuildFile; fileRef = 8AE0EDE92BD023C700CEF6BB /* ProfileHeader.swift */; };
		8AE0EDEC2BD0F44A00CEF6BB /* UploadPostView.swift in Sources */ = {isa = PBXBuildFile; fileRef = 8AE0EDEB2BD0F44A00CEF6BB /* UploadPostView.swift */; };
		8AE0EDEE2BD0F6D600CEF6BB /* UploadPostViewModel.swift in Sources */ = {isa = PBXBuildFile; fileRef = 8AE0EDED2BD0F6D600CEF6BB /* UploadPostViewModel.swift */; };
		8AE0EDF02BD1164300CEF6BB /* GoogleService-Info.plist in Resources */ = {isa = PBXBuildFile; fileRef = 8AE0EDEF2BD1164300CEF6BB /* GoogleService-Info.plist */; };
		8AE0EDF32BD119FB00CEF6BB /* FirebaseAnalytics in Frameworks */ = {isa = PBXBuildFile; productRef = 8AE0EDF22BD119FB00CEF6BB /* FirebaseAnalytics */; };
		8AE0EDF52BD119FB00CEF6BB /* FirebaseAnalyticsOnDeviceConversion in Frameworks */ = {isa = PBXBuildFile; productRef = 8AE0EDF42BD119FB00CEF6BB /* FirebaseAnalyticsOnDeviceConversion */; };
		8AE0EDF72BD119FB00CEF6BB /* FirebaseAnalyticsSwift in Frameworks */ = {isa = PBXBuildFile; productRef = 8AE0EDF62BD119FB00CEF6BB /* FirebaseAnalyticsSwift */; };
		8AE0EDF92BD119FB00CEF6BB /* FirebaseAnalyticsWithoutAdIdSupport in Frameworks */ = {isa = PBXBuildFile; productRef = 8AE0EDF82BD119FB00CEF6BB /* FirebaseAnalyticsWithoutAdIdSupport */; };
		8AE0EDFB2BD119FB00CEF6BB /* FirebaseAppCheck in Frameworks */ = {isa = PBXBuildFile; productRef = 8AE0EDFA2BD119FB00CEF6BB /* FirebaseAppCheck */; };
		8AE0EDFD2BD119FB00CEF6BB /* FirebaseAppDistribution-Beta in Frameworks */ = {isa = PBXBuildFile; productRef = 8AE0EDFC2BD119FB00CEF6BB /* FirebaseAppDistribution-Beta */; };
		8AE0EDFF2BD119FB00CEF6BB /* FirebaseAuth in Frameworks */ = {isa = PBXBuildFile; productRef = 8AE0EDFE2BD119FB00CEF6BB /* FirebaseAuth */; };
		8AE0EE012BD119FB00CEF6BB /* FirebaseAuthCombine-Community in Frameworks */ = {isa = PBXBuildFile; productRef = 8AE0EE002BD119FB00CEF6BB /* FirebaseAuthCombine-Community */; };
		8AE0EE032BD119FB00CEF6BB /* FirebaseFirestore in Frameworks */ = {isa = PBXBuildFile; productRef = 8AE0EE022BD119FB00CEF6BB /* FirebaseFirestore */; };
		8AE0EE052BD119FB00CEF6BB /* FirebaseFirestoreSwift in Frameworks */ = {isa = PBXBuildFile; productRef = 8AE0EE042BD119FB00CEF6BB /* FirebaseFirestoreSwift */; };
		8AE0EE072BD119FB00CEF6BB /* FirebaseInAppMessagingSwift-Beta in Frameworks */ = {isa = PBXBuildFile; productRef = 8AE0EE062BD119FB00CEF6BB /* FirebaseInAppMessagingSwift-Beta */; };
		8AE0EE092BD119FB00CEF6BB /* FirebaseInstallations in Frameworks */ = {isa = PBXBuildFile; productRef = 8AE0EE082BD119FB00CEF6BB /* FirebaseInstallations */; };
		8AE0EE0B2BD119FB00CEF6BB /* FirebaseMLModelDownloader in Frameworks */ = {isa = PBXBuildFile; productRef = 8AE0EE0A2BD119FB00CEF6BB /* FirebaseMLModelDownloader */; };
		8AE0EE0D2BD119FB00CEF6BB /* FirebaseMessaging in Frameworks */ = {isa = PBXBuildFile; productRef = 8AE0EE0C2BD119FB00CEF6BB /* FirebaseMessaging */; };
		8AE0EE0F2BD119FB00CEF6BB /* FirebasePerformance in Frameworks */ = {isa = PBXBuildFile; productRef = 8AE0EE0E2BD119FB00CEF6BB /* FirebasePerformance */; };
		8AE0EE112BD119FB00CEF6BB /* FirebaseRemoteConfig in Frameworks */ = {isa = PBXBuildFile; productRef = 8AE0EE102BD119FB00CEF6BB /* FirebaseRemoteConfig */; };
		8AE0EE132BD119FB00CEF6BB /* FirebaseRemoteConfigSwift in Frameworks */ = {isa = PBXBuildFile; productRef = 8AE0EE122BD119FB00CEF6BB /* FirebaseRemoteConfigSwift */; };
		8AE0EE152BD119FB00CEF6BB /* FirebaseStorage in Frameworks */ = {isa = PBXBuildFile; productRef = 8AE0EE142BD119FB00CEF6BB /* FirebaseStorage */; };
		8AE0EE172BD119FB00CEF6BB /* FirebaseStorageCombine-Community in Frameworks */ = {isa = PBXBuildFile; productRef = 8AE0EE162BD119FB00CEF6BB /* FirebaseStorageCombine-Community */; };
		8AF5FDC62BCD91310060B17D /* InstagramCloneSwiftUIApp.swift in Sources */ = {isa = PBXBuildFile; fileRef = 8AF5FDC52BCD91310060B17D /* InstagramCloneSwiftUIApp.swift */; };
		8AF5FDC82BCD91310060B17D /* ContentView.swift in Sources */ = {isa = PBXBuildFile; fileRef = 8AF5FDC72BCD91310060B17D /* ContentView.swift */; };
		8AF5FDCA2BCD91330060B17D /* Assets.xcassets in Resources */ = {isa = PBXBuildFile; fileRef = 8AF5FDC92BCD91330060B17D /* Assets.xcassets */; };
		8AF5FDCD2BCD91330060B17D /* Preview Assets.xcassets in Resources */ = {isa = PBXBuildFile; fileRef = 8AF5FDCC2BCD91330060B17D /* Preview Assets.xcassets */; };
		8AF5FDE02BCE59010060B17D /* MainTabView.swift in Sources */ = {isa = PBXBuildFile; fileRef = 8AF5FDDF2BCE59010060B17D /* MainTabView.swift */; };
		8AF5FDE22BCE5A150060B17D /* ProfileView.swift in Sources */ = {isa = PBXBuildFile; fileRef = 8AF5FDE12BCE5A150060B17D /* ProfileView.swift */; };
/* End PBXBuildFile section */

/* Begin PBXFileReference section */
		8AB649C32BCE606C006B1F43 /* UserStatView.swift */ = {isa = PBXFileReference; lastKnownFileType = sourcecode.swift; path = UserStatView.swift; sourceTree = "<group>"; };
		8AB649C52BCE687F006B1F43 /* FeedView.swift */ = {isa = PBXFileReference; lastKnownFileType = sourcecode.swift; path = FeedView.swift; sourceTree = "<group>"; };
		8AB649C72BCE6888006B1F43 /* FeedCell.swift */ = {isa = PBXFileReference; lastKnownFileType = sourcecode.swift; path = FeedCell.swift; sourceTree = "<group>"; };
		8AB64A212BCF849D006B1F43 /* SearchView.swift */ = {isa = PBXFileReference; lastKnownFileType = sourcecode.swift; path = SearchView.swift; sourceTree = "<group>"; };
		8AB64A232BCFACB1006B1F43 /* LoginView.swift */ = {isa = PBXFileReference; lastKnownFileType = sourcecode.swift; path = LoginView.swift; sourceTree = "<group>"; };
		8AB64A252BCFBA3D006B1F43 /* AddEmailView.swift */ = {isa = PBXFileReference; lastKnownFileType = sourcecode.swift; path = AddEmailView.swift; sourceTree = "<group>"; };
		8AB64A272BCFD29F006B1F43 /* IGTextModifier.swift */ = {isa = PBXFileReference; lastKnownFileType = sourcecode.swift; path = IGTextModifier.swift; sourceTree = "<group>"; };
		8AB64A292BCFD844006B1F43 /* CreateUserNameView.swift */ = {isa = PBXFileReference; lastKnownFileType = sourcecode.swift; path = CreateUserNameView.swift; sourceTree = "<group>"; };
		8AB64A2B2BCFDA66006B1F43 /* CreatePasswordView.swift */ = {isa = PBXFileReference; lastKnownFileType = sourcecode.swift; path = CreatePasswordView.swift; sourceTree = "<group>"; };
		8AB64A2D2BCFDBEE006B1F43 /* IGMainButtonModifier.swift */ = {isa = PBXFileReference; lastKnownFileType = sourcecode.swift; path = IGMainButtonModifier.swift; sourceTree = "<group>"; };
		8AB64A2F2BCFDCCC006B1F43 /* CompleteSignInView.swift */ = {isa = PBXFileReference; lastKnownFileType = sourcecode.swift; path = CompleteSignInView.swift; sourceTree = "<group>"; };
		8AB64A312BCFDF0F006B1F43 /* TitleLoginFlow.swift */ = {isa = PBXFileReference; lastKnownFileType = sourcecode.swift; path = TitleLoginFlow.swift; sourceTree = "<group>"; };
		8AE0EDE12BCFF7BF00CEF6BB /* User.swift */ = {isa = PBXFileReference; lastKnownFileType = sourcecode.swift; path = User.swift; sourceTree = "<group>"; };
		8AE0EDE32BD0131000CEF6BB /* CurrentUserProfileView.swift */ = {isa = PBXFileReference; lastKnownFileType = sourcecode.swift; path = CurrentUserProfileView.swift; sourceTree = "<group>"; };
		8AE0EDE52BD016FF00CEF6BB /* Post.swift */ = {isa = PBXFileReference; lastKnownFileType = sourcecode.swift; path = Post.swift; sourceTree = "<group>"; };
		8AE0EDE72BD0224300CEF6BB /* PostGridView.swift */ = {isa = PBXFileReference; lastKnownFileType = sourcecode.swift; path = PostGridView.swift; sourceTree = "<group>"; };
		8AE0EDE92BD023C700CEF6BB /* ProfileHeader.swift */ = {isa = PBXFileReference; lastKnownFileType = sourcecode.swift; path = ProfileHeader.swift; sourceTree = "<group>"; };
		8AE0EDEB2BD0F44A00CEF6BB /* UploadPostView.swift */ = {isa = PBXFileReference; lastKnownFileType = sourcecode.swift; path = UploadPostView.swift; sourceTree = "<group>"; };
		8AE0EDED2BD0F6D600CEF6BB /* UploadPostViewModel.swift */ = {isa = PBXFileReference; lastKnownFileType = sourcecode.swift; path = UploadPostViewModel.swift; sourceTree = "<group>"; };
		8AE0EDEF2BD1164300CEF6BB /* GoogleService-Info.plist */ = {isa = PBXFileReference; fileEncoding = 4; lastKnownFileType = text.plist.xml; path = "GoogleService-Info.plist"; sourceTree = "<group>"; };
		8AF5FDC22BCD91310060B17D /* InstagramCloneSwiftUI.app */ = {isa = PBXFileReference; explicitFileType = wrapper.application; includeInIndex = 0; path = InstagramCloneSwiftUI.app; sourceTree = BUILT_PRODUCTS_DIR; };
		8AF5FDC52BCD91310060B17D /* InstagramCloneSwiftUIApp.swift */ = {isa = PBXFileReference; lastKnownFileType = sourcecode.swift; path = InstagramCloneSwiftUIApp.swift; sourceTree = "<group>"; };
		8AF5FDC72BCD91310060B17D /* ContentView.swift */ = {isa = PBXFileReference; lastKnownFileType = sourcecode.swift; path = ContentView.swift; sourceTree = "<group>"; };
		8AF5FDC92BCD91330060B17D /* Assets.xcassets */ = {isa = PBXFileReference; lastKnownFileType = folder.assetcatalog; path = Assets.xcassets; sourceTree = "<group>"; };
		8AF5FDCC2BCD91330060B17D /* Preview Assets.xcassets */ = {isa = PBXFileReference; lastKnownFileType = folder.assetcatalog; path = "Preview Assets.xcassets"; sourceTree = "<group>"; };
		8AF5FDDF2BCE59010060B17D /* MainTabView.swift */ = {isa = PBXFileReference; lastKnownFileType = sourcecode.swift; path = MainTabView.swift; sourceTree = "<group>"; };
		8AF5FDE12BCE5A150060B17D /* ProfileView.swift */ = {isa = PBXFileReference; lastKnownFileType = sourcecode.swift; path = ProfileView.swift; sourceTree = "<group>"; };
/* End PBXFileReference section */

/* Begin PBXFrameworksBuildPhase section */
		8AF5FDBF2BCD91310060B17D /* Frameworks */ = {
			isa = PBXFrameworksBuildPhase;
			buildActionMask = 2147483647;
			files = (
				8AE0EE072BD119FB00CEF6BB /* FirebaseInAppMessagingSwift-Beta in Frameworks */,
				8AE0EDF72BD119FB00CEF6BB /* FirebaseAnalyticsSwift in Frameworks */,
				8AE0EE0F2BD119FB00CEF6BB /* FirebasePerformance in Frameworks */,
				8AE0EE0D2BD119FB00CEF6BB /* FirebaseMessaging in Frameworks */,
				8AE0EDF32BD119FB00CEF6BB /* FirebaseAnalytics in Frameworks */,
				8AE0EE092BD119FB00CEF6BB /* FirebaseInstallations in Frameworks */,
				8AE0EE172BD119FB00CEF6BB /* FirebaseStorageCombine-Community in Frameworks */,
				8AE0EDF52BD119FB00CEF6BB /* FirebaseAnalyticsOnDeviceConversion in Frameworks */,
				8AE0EE112BD119FB00CEF6BB /* FirebaseRemoteConfig in Frameworks */,
				8AE0EDFB2BD119FB00CEF6BB /* FirebaseAppCheck in Frameworks */,
				8AE0EE132BD119FB00CEF6BB /* FirebaseRemoteConfigSwift in Frameworks */,
				8AE0EDF92BD119FB00CEF6BB /* FirebaseAnalyticsWithoutAdIdSupport in Frameworks */,
				8AE0EE152BD119FB00CEF6BB /* FirebaseStorage in Frameworks */,
				8AE0EE052BD119FB00CEF6BB /* FirebaseFirestoreSwift in Frameworks */,
				8AE0EE032BD119FB00CEF6BB /* FirebaseFirestore in Frameworks */,
				8AE0EDFF2BD119FB00CEF6BB /* FirebaseAuth in Frameworks */,
				8AE0EDFD2BD119FB00CEF6BB /* FirebaseAppDistribution-Beta in Frameworks */,
				8AE0EE0B2BD119FB00CEF6BB /* FirebaseMLModelDownloader in Frameworks */,
				8AE0EE012BD119FB00CEF6BB /* FirebaseAuthCombine-Community in Frameworks */,
			);
			runOnlyForDeploymentPostprocessing = 0;
		};
/* End PBXFrameworksBuildPhase section */

/* Begin PBXGroup section */
		8AB649C22BCE604B006B1F43 /* Components */ = {
			isa = PBXGroup;
			children = (
				8AB649C32BCE606C006B1F43 /* UserStatView.swift */,
				8AB64A272BCFD29F006B1F43 /* IGTextModifier.swift */,
				8AB64A2D2BCFDBEE006B1F43 /* IGMainButtonModifier.swift */,
				8AB64A312BCFDF0F006B1F43 /* TitleLoginFlow.swift */,
				8AE0EDE72BD0224300CEF6BB /* PostGridView.swift */,
			);
			path = Components;
			sourceTree = "<group>";
		};
		8AF5FDB92BCD91310060B17D = {
			isa = PBXGroup;
			children = (
				8AF5FDC42BCD91310060B17D /* InstagramCloneSwiftUI */,
				8AF5FDC32BCD91310060B17D /* Products */,
			);
			sourceTree = "<group>";
		};
		8AF5FDC32BCD91310060B17D /* Products */ = {
			isa = PBXGroup;
			children = (
				8AF5FDC22BCD91310060B17D /* InstagramCloneSwiftUI.app */,
			);
			name = Products;
			sourceTree = "<group>";
		};
		8AF5FDC42BCD91310060B17D /* InstagramCloneSwiftUI */ = {
			isa = PBXGroup;
			children = (
				8AF5FDD32BCE57EB0060B17D /* App */,
				8AF5FDC92BCD91330060B17D /* Assets.xcassets */,
				8AE0EDEF2BD1164300CEF6BB /* GoogleService-Info.plist */,
				8AF5FDC72BCD91310060B17D /* ContentView.swift */,
				8AF5FDD42BCE57F10060B17D /* Core */,
				8AF5FDD52BCE57F60060B17D /* Extensions */,
				8AF5FDD62BCE58000060B17D /* Model */,
				8AF5FDCB2BCD91330060B17D /* Preview Content */,
				8AF5FDD72BCE58070060B17D /* Services */,
			);
			path = InstagramCloneSwiftUI;
			sourceTree = "<group>";
		};
		8AF5FDCB2BCD91330060B17D /* Preview Content */ = {
			isa = PBXGroup;
			children = (
				8AF5FDCC2BCD91330060B17D /* Preview Assets.xcassets */,
			);
			path = "Preview Content";
			sourceTree = "<group>";
		};
		8AF5FDD32BCE57EB0060B17D /* App */ = {
			isa = PBXGroup;
			children = (
				8AF5FDC52BCD91310060B17D /* InstagramCloneSwiftUIApp.swift */,
			);
			path = App;
			sourceTree = "<group>";
		};
		8AF5FDD42BCE57F10060B17D /* Core */ = {
			isa = PBXGroup;
			children = (
				8AF5FDD82BCE58260060B17D /* Authentification */,
				8AB649C22BCE604B006B1F43 /* Components */,
				8AF5FDDA2BCE58860060B17D /* Feed */,
				8AF5FDD92BCE587D0060B17D /* Profile */,
				8AF5FDDB2BCE58910060B17D /* Root */,
				8AF5FDDC2BCE58970060B17D /* Search */,
				8AF5FDDD2BCE58AA0060B17D /* TabBar */,
				8AF5FDDE2BCE58B30060B17D /* Uploading Post */,
			);
			path = Core;
			sourceTree = "<group>";
		};
		8AF5FDD52BCE57F60060B17D /* Extensions */ = {
			isa = PBXGroup;
			children = (
			);
			path = Extensions;
			sourceTree = "<group>";
		};
		8AF5FDD62BCE58000060B17D /* Model */ = {
			isa = PBXGroup;
			children = (
				8AE0EDE12BCFF7BF00CEF6BB /* User.swift */,
				8AE0EDE52BD016FF00CEF6BB /* Post.swift */,
			);
			path = Model;
			sourceTree = "<group>";
		};
		8AF5FDD72BCE58070060B17D /* Services */ = {
			isa = PBXGroup;
			children = (
			);
			path = Services;
			sourceTree = "<group>";
		};
		8AF5FDD82BCE58260060B17D /* Authentification */ = {
			isa = PBXGroup;
			children = (
				8AB64A232BCFACB1006B1F43 /* LoginView.swift */,
				8AB64A252BCFBA3D006B1F43 /* AddEmailView.swift */,
				8AB64A292BCFD844006B1F43 /* CreateUserNameView.swift */,
				8AB64A2B2BCFDA66006B1F43 /* CreatePasswordView.swift */,
				8AB64A2F2BCFDCCC006B1F43 /* CompleteSignInView.swift */,
			);
			path = Authentification;
			sourceTree = "<group>";
		};
		8AF5FDD92BCE587D0060B17D /* Profile */ = {
			isa = PBXGroup;
			children = (
				8AF5FDE12BCE5A150060B17D /* ProfileView.swift */,
				8AE0EDE32BD0131000CEF6BB /* CurrentUserProfileView.swift */,
				8AE0EDE92BD023C700CEF6BB /* ProfileHeader.swift */,
			);
			path = Profile;
			sourceTree = "<group>";
		};
		8AF5FDDA2BCE58860060B17D /* Feed */ = {
			isa = PBXGroup;
			children = (
				8AB649C52BCE687F006B1F43 /* FeedView.swift */,
				8AB649C72BCE6888006B1F43 /* FeedCell.swift */,
			);
			path = Feed;
			sourceTree = "<group>";
		};
		8AF5FDDB2BCE58910060B17D /* Root */ = {
			isa = PBXGroup;
			children = (
			);
			path = Root;
			sourceTree = "<group>";
		};
		8AF5FDDC2BCE58970060B17D /* Search */ = {
			isa = PBXGroup;
			children = (
				8AB64A212BCF849D006B1F43 /* SearchView.swift */,
			);
			path = Search;
			sourceTree = "<group>";
		};
		8AF5FDDD2BCE58AA0060B17D /* TabBar */ = {
			isa = PBXGroup;
			children = (
				8AF5FDDF2BCE59010060B17D /* MainTabView.swift */,
			);
			path = TabBar;
			sourceTree = "<group>";
		};
		8AF5FDDE2BCE58B30060B17D /* Uploading Post */ = {
			isa = PBXGroup;
			children = (
				8AE0EDEB2BD0F44A00CEF6BB /* UploadPostView.swift */,
				8AE0EDED2BD0F6D600CEF6BB /* UploadPostViewModel.swift */,
			);
			path = "Uploading Post";
			sourceTree = "<group>";
		};
/* End PBXGroup section */

/* Begin PBXNativeTarget section */
		8AF5FDC12BCD91310060B17D /* InstagramCloneSwiftUI */ = {
			isa = PBXNativeTarget;
			buildConfigurationList = 8AF5FDD02BCD91330060B17D /* Build configuration list for PBXNativeTarget "InstagramCloneSwiftUI" */;
			buildPhases = (
				8AF5FDBE2BCD91310060B17D /* Sources */,
				8AF5FDBF2BCD91310060B17D /* Frameworks */,
				8AF5FDC02BCD91310060B17D /* Resources */,
			);
			buildRules = (
			);
			dependencies = (
			);
			name = InstagramCloneSwiftUI;
			packageProductDependencies = (
				8AE0EDF22BD119FB00CEF6BB /* FirebaseAnalytics */,
				8AE0EDF42BD119FB00CEF6BB /* FirebaseAnalyticsOnDeviceConversion */,
				8AE0EDF62BD119FB00CEF6BB /* FirebaseAnalyticsSwift */,
				8AE0EDF82BD119FB00CEF6BB /* FirebaseAnalyticsWithoutAdIdSupport */,
				8AE0EDFA2BD119FB00CEF6BB /* FirebaseAppCheck */,
				8AE0EDFC2BD119FB00CEF6BB /* FirebaseAppDistribution-Beta */,
				8AE0EDFE2BD119FB00CEF6BB /* FirebaseAuth */,
				8AE0EE002BD119FB00CEF6BB /* FirebaseAuthCombine-Community */,
				8AE0EE022BD119FB00CEF6BB /* FirebaseFirestore */,
				8AE0EE042BD119FB00CEF6BB /* FirebaseFirestoreSwift */,
				8AE0EE062BD119FB00CEF6BB /* FirebaseInAppMessagingSwift-Beta */,
				8AE0EE082BD119FB00CEF6BB /* FirebaseInstallations */,
				8AE0EE0A2BD119FB00CEF6BB /* FirebaseMLModelDownloader */,
				8AE0EE0C2BD119FB00CEF6BB /* FirebaseMessaging */,
				8AE0EE0E2BD119FB00CEF6BB /* FirebasePerformance */,
				8AE0EE102BD119FB00CEF6BB /* FirebaseRemoteConfig */,
				8AE0EE122BD119FB00CEF6BB /* FirebaseRemoteConfigSwift */,
				8AE0EE142BD119FB00CEF6BB /* FirebaseStorage */,
				8AE0EE162BD119FB00CEF6BB /* FirebaseStorageCombine-Community */,
			);
			productName = InstagramCloneSwiftUI;
			productReference = 8AF5FDC22BCD91310060B17D /* InstagramCloneSwiftUI.app */;
			productType = "com.apple.product-type.application";
		};
/* End PBXNativeTarget section */

/* Begin PBXProject section */
		8AF5FDBA2BCD91310060B17D /* Project object */ = {
			isa = PBXProject;
			attributes = {
				BuildIndependentTargetsInParallel = 1;
				LastSwiftUpdateCheck = 1500;
				LastUpgradeCheck = 1500;
				TargetAttributes = {
					8AF5FDC12BCD91310060B17D = {
						CreatedOnToolsVersion = 15.0.1;
					};
				};
			};
			buildConfigurationList = 8AF5FDBD2BCD91310060B17D /* Build configuration list for PBXProject "InstagramCloneSwiftUI" */;
			compatibilityVersion = "Xcode 14.0";
			developmentRegion = en;
			hasScannedForEncodings = 0;
			knownRegions = (
				en,
				Base,
			);
			mainGroup = 8AF5FDB92BCD91310060B17D;
			packageReferences = (
				8AE0EDF12BD119FB00CEF6BB /* XCRemoteSwiftPackageReference "firebase-ios-sdk" */,
			);
			productRefGroup = 8AF5FDC32BCD91310060B17D /* Products */;
			projectDirPath = "";
			projectRoot = "";
			targets = (
				8AF5FDC12BCD91310060B17D /* InstagramCloneSwiftUI */,
			);
		};
/* End PBXProject section */

/* Begin PBXResourcesBuildPhase section */
		8AF5FDC02BCD91310060B17D /* Resources */ = {
			isa = PBXResourcesBuildPhase;
			buildActionMask = 2147483647;
			files = (
				8AF5FDCD2BCD91330060B17D /* Preview Assets.xcassets in Resources */,
				8AF5FDCA2BCD91330060B17D /* Assets.xcassets in Resources */,
				8AE0EDF02BD1164300CEF6BB /* GoogleService-Info.plist in Resources */,
			);
			runOnlyForDeploymentPostprocessing = 0;
		};
/* End PBXResourcesBuildPhase section */

/* Begin PBXSourcesBuildPhase section */
		8AF5FDBE2BCD91310060B17D /* Sources */ = {
			isa = PBXSourcesBuildPhase;
			buildActionMask = 2147483647;
			files = (
				8AB649C82BCE6888006B1F43 /* FeedCell.swift in Sources */,
				8AE0EDEE2BD0F6D600CEF6BB /* UploadPostViewModel.swift in Sources */,
				8AF5FDE22BCE5A150060B17D /* ProfileView.swift in Sources */,
				8AB64A322BCFDF0F006B1F43 /* TitleLoginFlow.swift in Sources */,
				8AE0EDEC2BD0F44A00CEF6BB /* UploadPostView.swift in Sources */,
				8AB64A2A2BCFD844006B1F43 /* CreateUserNameView.swift in Sources */,
				8AB64A302BCFDCCC006B1F43 /* CompleteSignInView.swift in Sources */,
				8AF5FDC82BCD91310060B17D /* ContentView.swift in Sources */,
				8AB64A242BCFACB1006B1F43 /* LoginView.swift in Sources */,
				8AE0EDE22BCFF7BF00CEF6BB /* User.swift in Sources */,
				8AE0EDE82BD0224300CEF6BB /* PostGridView.swift in Sources */,
				8AF5FDC62BCD91310060B17D /* InstagramCloneSwiftUIApp.swift in Sources */,
				8AB64A262BCFBA3D006B1F43 /* AddEmailView.swift in Sources */,
				8AB64A2E2BCFDBEE006B1F43 /* IGMainButtonModifier.swift in Sources */,
				8AB64A282BCFD29F006B1F43 /* IGTextModifier.swift in Sources */,
				8AB64A222BCF849D006B1F43 /* SearchView.swift in Sources */,
				8AE0EDEA2BD023C700CEF6BB /* ProfileHeader.swift in Sources */,
				8AB649C42BCE606C006B1F43 /* UserStatView.swift in Sources */,
				8AB649C62BCE687F006B1F43 /* FeedView.swift in Sources */,
				8AF5FDE02BCE59010060B17D /* MainTabView.swift in Sources */,
				8AE0EDE62BD016FF00CEF6BB /* Post.swift in Sources */,
				8AB64A2C2BCFDA66006B1F43 /* CreatePasswordView.swift in Sources */,
				8AE0EDE42BD0131000CEF6BB /* CurrentUserProfileView.swift in Sources */,
			);
			runOnlyForDeploymentPostprocessing = 0;
		};
/* End PBXSourcesBuildPhase section */

/* Begin XCBuildConfiguration section */
		8AF5FDCE2BCD91330060B17D /* Debug */ = {
			isa = XCBuildConfiguration;
			buildSettings = {
				ALWAYS_SEARCH_USER_PATHS = NO;
				ASSETCATALOG_COMPILER_GENERATE_SWIFT_ASSET_SYMBOL_EXTENSIONS = YES;
				CLANG_ANALYZER_NONNULL = YES;
				CLANG_ANALYZER_NUMBER_OBJECT_CONVERSION = YES_AGGRESSIVE;
				CLANG_CXX_LANGUAGE_STANDARD = "gnu++20";
				CLANG_ENABLE_MODULES = YES;
				CLANG_ENABLE_OBJC_ARC = YES;
				CLANG_ENABLE_OBJC_WEAK = YES;
				CLANG_WARN_BLOCK_CAPTURE_AUTORELEASING = YES;
				CLANG_WARN_BOOL_CONVERSION = YES;
				CLANG_WARN_COMMA = YES;
				CLANG_WARN_CONSTANT_CONVERSION = YES;
				CLANG_WARN_DEPRECATED_OBJC_IMPLEMENTATIONS = YES;
				CLANG_WARN_DIRECT_OBJC_ISA_USAGE = YES_ERROR;
				CLANG_WARN_DOCUMENTATION_COMMENTS = YES;
				CLANG_WARN_EMPTY_BODY = YES;
				CLANG_WARN_ENUM_CONVERSION = YES;
				CLANG_WARN_INFINITE_RECURSION = YES;
				CLANG_WARN_INT_CONVERSION = YES;
				CLANG_WARN_NON_LITERAL_NULL_CONVERSION = YES;
				CLANG_WARN_OBJC_IMPLICIT_RETAIN_SELF = YES;
				CLANG_WARN_OBJC_LITERAL_CONVERSION = YES;
				CLANG_WARN_OBJC_ROOT_CLASS = YES_ERROR;
				CLANG_WARN_QUOTED_INCLUDE_IN_FRAMEWORK_HEADER = YES;
				CLANG_WARN_RANGE_LOOP_ANALYSIS = YES;
				CLANG_WARN_STRICT_PROTOTYPES = YES;
				CLANG_WARN_SUSPICIOUS_MOVE = YES;
				CLANG_WARN_UNGUARDED_AVAILABILITY = YES_AGGRESSIVE;
				CLANG_WARN_UNREACHABLE_CODE = YES;
				CLANG_WARN__DUPLICATE_METHOD_MATCH = YES;
				COPY_PHASE_STRIP = NO;
				DEBUG_INFORMATION_FORMAT = dwarf;
				ENABLE_STRICT_OBJC_MSGSEND = YES;
				ENABLE_TESTABILITY = YES;
				ENABLE_USER_SCRIPT_SANDBOXING = YES;
				GCC_C_LANGUAGE_STANDARD = gnu17;
				GCC_DYNAMIC_NO_PIC = NO;
				GCC_NO_COMMON_BLOCKS = YES;
				GCC_OPTIMIZATION_LEVEL = 0;
				GCC_PREPROCESSOR_DEFINITIONS = (
					"DEBUG=1",
					"$(inherited)",
				);
				GCC_WARN_64_TO_32_BIT_CONVERSION = YES;
				GCC_WARN_ABOUT_RETURN_TYPE = YES_ERROR;
				GCC_WARN_UNDECLARED_SELECTOR = YES;
				GCC_WARN_UNINITIALIZED_AUTOS = YES_AGGRESSIVE;
				GCC_WARN_UNUSED_FUNCTION = YES;
				GCC_WARN_UNUSED_VARIABLE = YES;
				IPHONEOS_DEPLOYMENT_TARGET = 17.0;
				LOCALIZATION_PREFERS_STRING_CATALOGS = YES;
				MTL_ENABLE_DEBUG_INFO = INCLUDE_SOURCE;
				MTL_FAST_MATH = YES;
				ONLY_ACTIVE_ARCH = YES;
				SDKROOT = iphoneos;
				SWIFT_ACTIVE_COMPILATION_CONDITIONS = "DEBUG $(inherited)";
				SWIFT_OPTIMIZATION_LEVEL = "-Onone";
			};
			name = Debug;
		};
		8AF5FDCF2BCD91330060B17D /* Release */ = {
			isa = XCBuildConfiguration;
			buildSettings = {
				ALWAYS_SEARCH_USER_PATHS = NO;
				ASSETCATALOG_COMPILER_GENERATE_SWIFT_ASSET_SYMBOL_EXTENSIONS = YES;
				CLANG_ANALYZER_NONNULL = YES;
				CLANG_ANALYZER_NUMBER_OBJECT_CONVERSION = YES_AGGRESSIVE;
				CLANG_CXX_LANGUAGE_STANDARD = "gnu++20";
				CLANG_ENABLE_MODULES = YES;
				CLANG_ENABLE_OBJC_ARC = YES;
				CLANG_ENABLE_OBJC_WEAK = YES;
				CLANG_WARN_BLOCK_CAPTURE_AUTORELEASING = YES;
				CLANG_WARN_BOOL_CONVERSION = YES;
				CLANG_WARN_COMMA = YES;
				CLANG_WARN_CONSTANT_CONVERSION = YES;
				CLANG_WARN_DEPRECATED_OBJC_IMPLEMENTATIONS = YES;
				CLANG_WARN_DIRECT_OBJC_ISA_USAGE = YES_ERROR;
				CLANG_WARN_DOCUMENTATION_COMMENTS = YES;
				CLANG_WARN_EMPTY_BODY = YES;
				CLANG_WARN_ENUM_CONVERSION = YES;
				CLANG_WARN_INFINITE_RECURSION = YES;
				CLANG_WARN_INT_CONVERSION = YES;
				CLANG_WARN_NON_LITERAL_NULL_CONVERSION = YES;
				CLANG_WARN_OBJC_IMPLICIT_RETAIN_SELF = YES;
				CLANG_WARN_OBJC_LITERAL_CONVERSION = YES;
				CLANG_WARN_OBJC_ROOT_CLASS = YES_ERROR;
				CLANG_WARN_QUOTED_INCLUDE_IN_FRAMEWORK_HEADER = YES;
				CLANG_WARN_RANGE_LOOP_ANALYSIS = YES;
				CLANG_WARN_STRICT_PROTOTYPES = YES;
				CLANG_WARN_SUSPICIOUS_MOVE = YES;
				CLANG_WARN_UNGUARDED_AVAILABILITY = YES_AGGRESSIVE;
				CLANG_WARN_UNREACHABLE_CODE = YES;
				CLANG_WARN__DUPLICATE_METHOD_MATCH = YES;
				COPY_PHASE_STRIP = NO;
				DEBUG_INFORMATION_FORMAT = "dwarf-with-dsym";
				ENABLE_NS_ASSERTIONS = NO;
				ENABLE_STRICT_OBJC_MSGSEND = YES;
				ENABLE_USER_SCRIPT_SANDBOXING = YES;
				GCC_C_LANGUAGE_STANDARD = gnu17;
				GCC_NO_COMMON_BLOCKS = YES;
				GCC_WARN_64_TO_32_BIT_CONVERSION = YES;
				GCC_WARN_ABOUT_RETURN_TYPE = YES_ERROR;
				GCC_WARN_UNDECLARED_SELECTOR = YES;
				GCC_WARN_UNINITIALIZED_AUTOS = YES_AGGRESSIVE;
				GCC_WARN_UNUSED_FUNCTION = YES;
				GCC_WARN_UNUSED_VARIABLE = YES;
				IPHONEOS_DEPLOYMENT_TARGET = 17.0;
				LOCALIZATION_PREFERS_STRING_CATALOGS = YES;
				MTL_ENABLE_DEBUG_INFO = NO;
				MTL_FAST_MATH = YES;
				SDKROOT = iphoneos;
				SWIFT_COMPILATION_MODE = wholemodule;
				VALIDATE_PRODUCT = YES;
			};
			name = Release;
		};
		8AF5FDD12BCD91330060B17D /* Debug */ = {
			isa = XCBuildConfiguration;
			buildSettings = {
				ASSETCATALOG_COMPILER_APPICON_NAME = AppIcon;
				ASSETCATALOG_COMPILER_GLOBAL_ACCENT_COLOR_NAME = AccentColor;
				CODE_SIGN_STYLE = Automatic;
				CURRENT_PROJECT_VERSION = 1;
				DEVELOPMENT_ASSET_PATHS = "\"InstagramCloneSwiftUI/Preview Content\"";
				ENABLE_PREVIEWS = YES;
				GENERATE_INFOPLIST_FILE = YES;
				INFOPLIST_KEY_UIApplicationSceneManifest_Generation = YES;
				INFOPLIST_KEY_UIApplicationSupportsIndirectInputEvents = YES;
				INFOPLIST_KEY_UILaunchScreen_Generation = YES;
				INFOPLIST_KEY_UISupportedInterfaceOrientations_iPad = "UIInterfaceOrientationPortrait UIInterfaceOrientationPortraitUpsideDown UIInterfaceOrientationLandscapeLeft UIInterfaceOrientationLandscapeRight";
				INFOPLIST_KEY_UISupportedInterfaceOrientations_iPhone = "UIInterfaceOrientationPortrait UIInterfaceOrientationLandscapeLeft UIInterfaceOrientationLandscapeRight";
				LD_RUNPATH_SEARCH_PATHS = (
					"$(inherited)",
					"@executable_path/Frameworks",
				);
				MARKETING_VERSION = 1.0;
				PRODUCT_BUNDLE_IDENTIFIER = com.ua.InstagramCloneSwiftUI;
				PRODUCT_NAME = "$(TARGET_NAME)";
				SWIFT_EMIT_LOC_STRINGS = YES;
				SWIFT_VERSION = 5.0;
				TARGETED_DEVICE_FAMILY = "1,2";
			};
			name = Debug;
		};
		8AF5FDD22BCD91330060B17D /* Release */ = {
			isa = XCBuildConfiguration;
			buildSettings = {
				ASSETCATALOG_COMPILER_APPICON_NAME = AppIcon;
				ASSETCATALOG_COMPILER_GLOBAL_ACCENT_COLOR_NAME = AccentColor;
				CODE_SIGN_STYLE = Automatic;
				CURRENT_PROJECT_VERSION = 1;
				DEVELOPMENT_ASSET_PATHS = "\"InstagramCloneSwiftUI/Preview Content\"";
				ENABLE_PREVIEWS = YES;
				GENERATE_INFOPLIST_FILE = YES;
				INFOPLIST_KEY_UIApplicationSceneManifest_Generation = YES;
				INFOPLIST_KEY_UIApplicationSupportsIndirectInputEvents = YES;
				INFOPLIST_KEY_UILaunchScreen_Generation = YES;
				INFOPLIST_KEY_UISupportedInterfaceOrientations_iPad = "UIInterfaceOrientationPortrait UIInterfaceOrientationPortraitUpsideDown UIInterfaceOrientationLandscapeLeft UIInterfaceOrientationLandscapeRight";
				INFOPLIST_KEY_UISupportedInterfaceOrientations_iPhone = "UIInterfaceOrientationPortrait UIInterfaceOrientationLandscapeLeft UIInterfaceOrientationLandscapeRight";
				LD_RUNPATH_SEARCH_PATHS = (
					"$(inherited)",
					"@executable_path/Frameworks",
				);
				MARKETING_VERSION = 1.0;
				PRODUCT_BUNDLE_IDENTIFIER = com.ua.InstagramCloneSwiftUI;
				PRODUCT_NAME = "$(TARGET_NAME)";
				SWIFT_EMIT_LOC_STRINGS = YES;
				SWIFT_VERSION = 5.0;
				TARGETED_DEVICE_FAMILY = "1,2";
			};
			name = Release;
		};
/* End XCBuildConfiguration section */

/* Begin XCConfigurationList section */
		8AF5FDBD2BCD91310060B17D /* Build configuration list for PBXProject "InstagramCloneSwiftUI" */ = {
			isa = XCConfigurationList;
			buildConfigurations = (
				8AF5FDCE2BCD91330060B17D /* Debug */,
				8AF5FDCF2BCD91330060B17D /* Release */,
			);
			defaultConfigurationIsVisible = 0;
			defaultConfigurationName = Release;
		};
		8AF5FDD02BCD91330060B17D /* Build configuration list for PBXNativeTarget "InstagramCloneSwiftUI" */ = {
			isa = XCConfigurationList;
			buildConfigurations = (
				8AF5FDD12BCD91330060B17D /* Debug */,
				8AF5FDD22BCD91330060B17D /* Release */,
			);
			defaultConfigurationIsVisible = 0;
			defaultConfigurationName = Release;
		};
/* End XCConfigurationList section */

/* Begin XCRemoteSwiftPackageReference section */
		8AE0EDF12BD119FB00CEF6BB /* XCRemoteSwiftPackageReference "firebase-ios-sdk" */ = {
			isa = XCRemoteSwiftPackageReference;
			repositoryURL = "git@github.com:firebase/firebase-ios-sdk.git";
			requirement = {
				kind = upToNextMajorVersion;
				minimumVersion = 10.24.0;
			};
		};
/* End XCRemoteSwiftPackageReference section */

/* Begin XCSwiftPackageProductDependency section */
		8AE0EDF22BD119FB00CEF6BB /* FirebaseAnalytics */ = {
			isa = XCSwiftPackageProductDependency;
			package = 8AE0EDF12BD119FB00CEF6BB /* XCRemoteSwiftPackageReference "firebase-ios-sdk" */;
			productName = FirebaseAnalytics;
		};
		8AE0EDF42BD119FB00CEF6BB /* FirebaseAnalyticsOnDeviceConversion */ = {
			isa = XCSwiftPackageProductDependency;
			package = 8AE0EDF12BD119FB00CEF6BB /* XCRemoteSwiftPackageReference "firebase-ios-sdk" */;
			productName = FirebaseAnalyticsOnDeviceConversion;
		};
		8AE0EDF62BD119FB00CEF6BB /* FirebaseAnalyticsSwift */ = {
			isa = XCSwiftPackageProductDependency;
			package = 8AE0EDF12BD119FB00CEF6BB /* XCRemoteSwiftPackageReference "firebase-ios-sdk" */;
			productName = FirebaseAnalyticsSwift;
		};
		8AE0EDF82BD119FB00CEF6BB /* FirebaseAnalyticsWithoutAdIdSupport */ = {
			isa = XCSwiftPackageProductDependency;
			package = 8AE0EDF12BD119FB00CEF6BB /* XCRemoteSwiftPackageReference "firebase-ios-sdk" */;
			productName = FirebaseAnalyticsWithoutAdIdSupport;
		};
		8AE0EDFA2BD119FB00CEF6BB /* FirebaseAppCheck */ = {
			isa = XCSwiftPackageProductDependency;
			package = 8AE0EDF12BD119FB00CEF6BB /* XCRemoteSwiftPackageReference "firebase-ios-sdk" */;
			productName = FirebaseAppCheck;
		};
		8AE0EDFC2BD119FB00CEF6BB /* FirebaseAppDistribution-Beta */ = {
			isa = XCSwiftPackageProductDependency;
			package = 8AE0EDF12BD119FB00CEF6BB /* XCRemoteSwiftPackageReference "firebase-ios-sdk" */;
			productName = "FirebaseAppDistribution-Beta";
		};
		8AE0EDFE2BD119FB00CEF6BB /* FirebaseAuth */ = {
			isa = XCSwiftPackageProductDependency;
			package = 8AE0EDF12BD119FB00CEF6BB /* XCRemoteSwiftPackageReference "firebase-ios-sdk" */;
			productName = FirebaseAuth;
		};
		8AE0EE002BD119FB00CEF6BB /* FirebaseAuthCombine-Community */ = {
			isa = XCSwiftPackageProductDependency;
			package = 8AE0EDF12BD119FB00CEF6BB /* XCRemoteSwiftPackageReference "firebase-ios-sdk" */;
			productName = "FirebaseAuthCombine-Community";
		};
		8AE0EE022BD119FB00CEF6BB /* FirebaseFirestore */ = {
			isa = XCSwiftPackageProductDependency;
			package = 8AE0EDF12BD119FB00CEF6BB /* XCRemoteSwiftPackageReference "firebase-ios-sdk" */;
			productName = FirebaseFirestore;
		};
		8AE0EE042BD119FB00CEF6BB /* FirebaseFirestoreSwift */ = {
			isa = XCSwiftPackageProductDependency;
			package = 8AE0EDF12BD119FB00CEF6BB /* XCRemoteSwiftPackageReference "firebase-ios-sdk" */;
			productName = FirebaseFirestoreSwift;
		};
		8AE0EE062BD119FB00CEF6BB /* FirebaseInAppMessagingSwift-Beta */ = {
			isa = XCSwiftPackageProductDependency;
			package = 8AE0EDF12BD119FB00CEF6BB /* XCRemoteSwiftPackageReference "firebase-ios-sdk" */;
			productName = "FirebaseInAppMessagingSwift-Beta";
		};
		8AE0EE082BD119FB00CEF6BB /* FirebaseInstallations */ = {
			isa = XCSwiftPackageProductDependency;
			package = 8AE0EDF12BD119FB00CEF6BB /* XCRemoteSwiftPackageReference "firebase-ios-sdk" */;
			productName = FirebaseInstallations;
		};
		8AE0EE0A2BD119FB00CEF6BB /* FirebaseMLModelDownloader */ = {
			isa = XCSwiftPackageProductDependency;
			package = 8AE0EDF12BD119FB00CEF6BB /* XCRemoteSwiftPackageReference "firebase-ios-sdk" */;
			productName = FirebaseMLModelDownloader;
		};
		8AE0EE0C2BD119FB00CEF6BB /* FirebaseMessaging */ = {
			isa = XCSwiftPackageProductDependency;
			package = 8AE0EDF12BD119FB00CEF6BB /* XCRemoteSwiftPackageReference "firebase-ios-sdk" */;
			productName = FirebaseMessaging;
		};
		8AE0EE0E2BD119FB00CEF6BB /* FirebasePerformance */ = {
			isa = XCSwiftPackageProductDependency;
			package = 8AE0EDF12BD119FB00CEF6BB /* XCRemoteSwiftPackageReference "firebase-ios-sdk" */;
			productName = FirebasePerformance;
		};
		8AE0EE102BD119FB00CEF6BB /* FirebaseRemoteConfig */ = {
			isa = XCSwiftPackageProductDependency;
			package = 8AE0EDF12BD119FB00CEF6BB /* XCRemoteSwiftPackageReference "firebase-ios-sdk" */;
			productName = FirebaseRemoteConfig;
		};
		8AE0EE122BD119FB00CEF6BB /* FirebaseRemoteConfigSwift */ = {
			isa = XCSwiftPackageProductDependency;
			package = 8AE0EDF12BD119FB00CEF6BB /* XCRemoteSwiftPackageReference "firebase-ios-sdk" */;
			productName = FirebaseRemoteConfigSwift;
		};
		8AE0EE142BD119FB00CEF6BB /* FirebaseStorage */ = {
			isa = XCSwiftPackageProductDependency;
			package = 8AE0EDF12BD119FB00CEF6BB /* XCRemoteSwiftPackageReference "firebase-ios-sdk" */;
			productName = FirebaseStorage;
		};
		8AE0EE162BD119FB00CEF6BB /* FirebaseStorageCombine-Community */ = {
			isa = XCSwiftPackageProductDependency;
			package = 8AE0EDF12BD119FB00CEF6BB /* XCRemoteSwiftPackageReference "firebase-ios-sdk" */;
			productName = "FirebaseStorageCombine-Community";
		};
/* End XCSwiftPackageProductDependency section */
	};
	rootObject = 8AF5FDBA2BCD91310060B17D /* Project object */;
}
